
Microsoft Visual Studio Solution File, Format Version 12.00
# Visual Studio Version 16
VisualStudioVersion = 16.0.29424.173
MinimumVisualStudioVersion = 10.0.40219.1
Project("{FAE04EC0-301F-11D3-BF4B-00C04F79EFBC}") = "Ex2", "Ex2\Ex2.csproj", "{0E474CE2-9DA5-48C2-A0C0-F98447ADFF21}"
EndProject
Global
	GlobalSection(SolutionConfigurationPlatforms) = preSolution
		Debug|Any CPU = Debug|Any CPU
		Release|Any CPU = Release|Any CPU
	EndGlobalSection
	GlobalSection(ProjectConfigurationPlatforms) = postSolution
		{0E474CE2-9DA5-48C2-A0C0-F98447ADFF21}.Debug|Any CPU.ActiveCfg = Debug|Any CPU
		{0E474CE2-9DA5-48C2-A0C0-F98447ADFF21}.Debug|Any CPU.Build.0 = Debug|Any CPU
		{0E474CE2-9DA5-48C2-A0C0-F98447ADFF21}.Release|Any CPU.ActiveCfg = Release|Any CPU
		{0E474CE2-9DA5-48C2-A0C0-F98447ADFF21}.Release|Any CPU.Build.0 = Release|Any CPU
	EndGlobalSection
	GlobalSection(SolutionProperties) = preSolution
		HideSolutionNode = FALSE
	EndGlobalSection
	GlobalSection(ExtensibilityGlobals) = postSolution
		SolutionGuid = {58164DF2-B9C2-4A22-A3EB-71963426EE84}
	EndGlobalSection
EndGlobal
